{
  "object": {
    "pins": [
      {
        "package": "SwiftConvenience",
        "repositoryURL": "https://github.com/hello-apps/swift-convenience",
        "state": {
          "branch": "main",
          "revision": "fcaac675a3ed55029bcf4e28850dda57f5550649",
          "version": null
        }
      }
    ]
  },
  "version": 1
}
